<?xml version="1.0" encoding="utf-8"?>
<Project ToolsVersion="4.0" xmlns="http://schemas.microsoft.com/developer/msbuild/2003">
  <ItemGroup>
    <Filter Include="Source Files">
      <UniqueIdentifier>{4FC737F1-C7A5-4376-A066-2A32D752A2FF}</UniqueIdentifier>
      <Extensions>cpp;cxx;c;def</Extensions>
    </Filter>
    <Filter Include="Header Files">
      <UniqueIdentifier>{93995380-89BD-4b04-88EB-625FBE52EBFB}</UniqueIdentifier>
      <Extensions>h</Extensions>
    </Filter>
    <Filter Include="Form Files">
      <UniqueIdentifier>{99349809-55BA-4b9d-BF79-8FDBB0286EB3}</UniqueIdentifier>
      <Extensions>ui</Extensions>
    </Filter>
    <Filter Include="Resource Files">
      <UniqueIdentifier>{D9D6E242-F8AF-46E4-B9FD-80ECBC20BA3E}</UniqueIdentifier>
      <Extensions>qrc;*</Extensions>
      <ParseFiles>false</ParseFiles>
    </Filter>
    <Filter Include="Generated Files">
      <UniqueIdentifier>{71ED8ED8-ACB9-4CE9-BBE1-E00B30144E11}</UniqueIdentifier>
      <Extensions>moc;h;cpp</Extensions>
      <SourceControlFiles>False</SourceControlFiles>
    </Filter>
    <Filter Include="Generated Files\Debug">
      <UniqueIdentifier>{1d64d3e3-8c12-4af8-914e-1516aa056826}</UniqueIdentifier>
      <Extensions>cpp;moc</Extensions>
      <SourceControlFiles>False</SourceControlFiles>
    </Filter>
    <Filter Include="Generated Files\Release">
      <UniqueIdentifier>{4bd9b009-345b-47d6-bdcd-a7c5ae621f72}</UniqueIdentifier>
      <Extensions>cpp;moc</Extensions>
      <SourceControlFiles>False</SourceControlFiles>
    </Filter>
    <Filter Include="Spline_lib">
      <UniqueIdentifier>{371cc94a-f58b-4bb0-beb6-ba9d95c8c212}</UniqueIdentifier>
    </Filter>
    <Filter Include="Spline_lib\splines">
      <UniqueIdentifier>{ec3cdadd-645e-463c-bae2-d6cf35ff6e25}</UniqueIdentifier>
    </Filter>
    <Filter Include="Spline_lib\utils">
      <UniqueIdentifier>{85d32bcd-1c07-46c5-b9b3-0d2783d9949a}</UniqueIdentifier>
    </Filter>
  </ItemGroup>
  <ItemGroup>
    <ClCompile Include="main.cpp">
      <Filter>Source Files</Filter>
    </ClCompile>
    <ClCompile Include="pantspainter.cpp">
      <Filter>Source Files</Filter>
    </ClCompile>
    <ClCompile Include="GeneratedFiles\Debug\moc_pantspainter.cpp">
      <Filter>Generated Files\Debug</Filter>
    </ClCompile>
    <ClCompile Include="GeneratedFiles\Release\moc_pantspainter.cpp">
      <Filter>Generated Files\Release</Filter>
    </ClCompile>
    <ClCompile Include="GeneratedFiles\qrc_pantspainter.cpp">
      <Filter>Generated Files</Filter>
    </ClCompile>
    <ClCompile Include="painter.cpp">
      <Filter>Source Files</Filter>
    </ClCompile>
    <ClCompile Include="GeneratedFiles\Debug\moc_painter.cpp">
      <Filter>Generated Files\Debug</Filter>
    </ClCompile>
    <ClCompile Include="GeneratedFiles\Release\moc_painter.cpp">
      <Filter>Generated Files\Release</Filter>
    </ClCompile>
  </ItemGroup>
  <ItemGroup>
    <CustomBuild Include="pantspainter.h">
      <Filter>Header Files</Filter>
    </CustomBuild>
    <CustomBuild Include="pantspainter.ui">
      <Filter>Form Files</Filter>
    </CustomBuild>
    <CustomBuild Include="pantspainter.qrc">
      <Filter>Resource Files</Filter>
    </CustomBuild>
    <CustomBuild Include="painter.hpp">
      <Filter>Header Files</Filter>
    </CustomBuild>
  </ItemGroup>
  <ItemGroup>
    <ClInclude Include="GeneratedFiles\ui_pantspainter.h">
      <Filter>Generated Files</Filter>
    </ClInclude>
    <ClInclude Include="readcad.h">
      <Filter>Header Files</Filter>
    </ClInclude>
    <ClInclude Include="spline_library\spline.h">
      <Filter>Spline_lib</Filter>
    </ClInclude>
    <ClInclude Include="spline_library\vector.h">
      <Filter>Spline_lib</Filter>
    </ClInclude>
    <ClInclude Include="spline_library\splines\cubic_hermite_spline.h">
      <Filter>Spline_lib\splines</Filter>
    </ClInclude>
    <ClInclude Include="spline_library\splines\generic_b_spline.h">
      <Filter>Spline_lib\splines</Filter>
    </ClInclude>
    <ClInclude Include="spline_library\splines\natural_spline.h">
      <Filter>Spline_lib\splines</Filter>
    </ClInclude>
    <ClInclude Include="spline_library\splines\quintic_hermite_spline.h">
      <Filter>Spline_lib\splines</Filter>
    </ClInclude>
    <ClInclude Include="spline_library\splines\uniform_cr_spline.h">
      <Filter>Spline_lib\splines</Filter>
    </ClInclude>
    <ClInclude Include="spline_library\splines\uniform_cubic_bspline.h">
      <Filter>Spline_lib\splines</Filter>
    </ClInclude>
    <ClInclude Include="spline_library\utils\arclength.h">
      <Filter>Spline_lib\utils</Filter>
    </ClInclude>
    <ClInclude Include="spline_library\utils\calculus.h">
      <Filter>Spline_lib\utils</Filter>
    </ClInclude>
    <ClInclude Include="spline_library\utils\linearalgebra.h">
      <Filter>Spline_lib\utils</Filter>
    </ClInclude>
    <ClInclude Include="spline_library\utils\nanoflann.hpp">
      <Filter>Spline_lib\utils</Filter>
    </ClInclude>
    <ClInclude Include="spline_library\utils\spline_common.h">
      <Filter>Spline_lib\utils</Filter>
    </ClInclude>
    <ClInclude Include="spline_library\utils\splineinverter.h">
      <Filter>Spline_lib\utils</Filter>
    </ClInclude>
    <ClInclude Include="spline_library\utils\splinesample_adaptor.h">
      <Filter>Spline_lib\utils</Filter>
    </ClInclude>
  </ItemGroup>
</Project>